
Microsoft Visual Studio Solution File, Format Version 12.00
# Visual Studio Version 17
VisualStudioVersion = 17.11.35017.193
MinimumVisualStudioVersion = 10.0.40219.1
Project("{FAE04EC0-301F-11D3-BF4B-00C04F79EFBC}") = "Job Management System", "Job Management System\Job Management System.csproj", "{EC6AD4E3-A18F-4032-8381-CECE5690B0C4}"
EndProject
Global
	GlobalSection(SolutionConfigurationPlatforms) = preSolution
		Debug|Any CPU = Debug|Any CPU
		Release|Any CPU = Release|Any CPU
	EndGlobalSection
	GlobalSection(ProjectConfigurationPlatforms) = postSolution
		{EC6AD4E3-A18F-4032-8381-CECE5690B0C4}.Debug|Any CPU.ActiveCfg = Debug|Any CPU
		{EC6AD4E3-A18F-4032-8381-CECE5690B0C4}.Debug|Any CPU.Build.0 = Debug|Any CPU
		{EC6AD4E3-A18F-4032-8381-CECE5690B0C4}.Release|Any CPU.ActiveCfg = Release|Any CPU
		{EC6AD4E3-A18F-4032-8381-CECE5690B0C4}.Release|Any CPU.Build.0 = Release|Any CPU
	EndGlobalSection
	GlobalSection(SolutionProperties) = preSolution
		HideSolutionNode = FALSE
	EndGlobalSection
	GlobalSection(ExtensibilityGlobals) = postSolution
		SolutionGuid = {80726D22-8F56-43A2-B7A4-263CFD0F8F09}
	EndGlobalSection
EndGlobal
